<?xml version="1.0" encoding="utf-8"?>
<Project ToolsVersion="4.0" xmlns="http://schemas.microsoft.com/developer/msbuild/2003">
  <ItemGroup>
    <Filter Include="Source Files">
      <UniqueIdentifier>{4FC737F1-C7A5-4376-A066-2A32D752A2FF}</UniqueIdentifier>
      <Extensions>cpp;c;cc;cxx;def;odl;idl;hpj;bat;asm;asmx</Extensions>
    </Filter>
    <Filter Include="Header Files">
      <UniqueIdentifier>{93995380-89BD-4b04-88EB-625FBE52EBFB}</UniqueIdentifier>
      <Extensions>h;hh;hpp;hxx;hm;inl;inc;xsd</Extensions>
    </Filter>
    <Filter Include="Resource Files">
      <UniqueIdentifier>{67DA6AB6-F800-4c08-8B7A-83BB121AAD01}</UniqueIdentifier>
      <Extensions>rc;ico;cur;bmp;dlg;rc2;rct;bin;rgs;gif;jpg;jpeg;jpe;resx;tiff;tif;png;wav;mfcribbon-ms</Extensions>
    </Filter>
    <Filter Include="Form Files">
      <UniqueIdentifier>{99349809-55BA-4b9d-BF79-8FDBB0286EB3}</UniqueIdentifier>
      <Extensions>ui</Extensions>
    </Filter>
    <Filter Include="Resource Files">
      <UniqueIdentifier>{D9D6E242-F8AF-46E4-B9FD-80ECBC20BA3E}</UniqueIdentifier>
      <Extensions>qrc;*</Extensions>
      <ParseFiles>false</ParseFiles>
    </Filter>
    <Filter Include="external">
      <UniqueIdentifier>{e31d2f64-e067-4437-93e2-dbb2a7d47046}</UniqueIdentifier>
    </Filter>
    <Filter Include="external\QtitanDataGrid">
      <UniqueIdentifier>{14959d02-6263-4566-aa76-59cc69ef884c}</UniqueIdentifier>
    </Filter>
    <Filter Include="external\QtitanDataGrid\base">
      <UniqueIdentifier>{4e98e340-d28e-450a-a200-eec1b418381e}</UniqueIdentifier>
    </Filter>
    <Filter Include="external\QtitanDataGrid\grid">
      <UniqueIdentifier>{a1198859-02aa-4e90-8b1f-82c8d39da41b}</UniqueIdentifier>
    </Filter>
    <Filter Include="common files">
      <UniqueIdentifier>{8622d99a-a244-4fcb-860c-5936a9c660a6}</UniqueIdentifier>
    </Filter>
    <Filter Include="internal">
      <UniqueIdentifier>{c98a58eb-4c12-42ba-a9bc-02ed3e2915b5}</UniqueIdentifier>
    </Filter>
    <Filter Include="UIs">
      <UniqueIdentifier>{0204753b-a4f1-435a-9a7a-a98ce25b6229}</UniqueIdentifier>
    </Filter>
  </ItemGroup>
  <ItemGroup>
    <QtRcc Include="WinIOMonitorControl.qrc">
      <Filter>Resource Files</Filter>
    </QtRcc>
    <QtUic Include="WinIOMonitorControl.ui">
      <Filter>Resource Files</Filter>
    </QtUic>
    <QtMoc Include="WinIOMonitorControl.h">
      <Filter>Header Files</Filter>
    </QtMoc>
    <ClCompile Include="WinIOMonitorControl.cpp">
      <Filter>Source Files</Filter>
    </ClCompile>
    <ClInclude Include="stdafx.h">
      <Filter>Header Files</Filter>
    </ClInclude>
    <ClCompile Include="stdafx.cpp">
      <Filter>Source Files</Filter>
    </ClCompile>
    <QtRcc Include="ext\QtitanDataGrid\src\base\QtnBaseResources.qrc">
      <Filter>external\QtitanDataGrid\base</Filter>
    </QtRcc>
    <QtRcc Include="ext\QtitanDataGrid\src\grid\QtnGridResources.qrc">
      <Filter>external\QtitanDataGrid\grid</Filter>
    </QtRcc>
    <QtRcc Include="ext\QtitanDataGrid\src\grid\QtnGridTranslations.qrc">
      <Filter>external\QtitanDataGrid\grid</Filter>
    </QtRcc>
  </ItemGroup>
  <ItemGroup>
    <ClCompile Include="main.cpp">
      <Filter>Source Files</Filter>
    </ClCompile>
    <ClCompile Include="ext\QtitanDataGrid\src\base\QtnBackstageWidget.cpp">
      <Filter>external\QtitanDataGrid\base</Filter>
    </ClCompile>
    <ClCompile Include="ext\QtitanDataGrid\src\base\QtnColorButton.cpp">
      <Filter>external\QtitanDataGrid\base</Filter>
    </ClCompile>
    <ClCompile Include="ext\QtitanDataGrid\src\base\QtnCommonStyle.cpp">
      <Filter>external\QtitanDataGrid\base</Filter>
    </ClCompile>
    <ClCompile Include="ext\QtitanDataGrid\src\base\QtnCommonStyle_win.cpp">
      <Filter>external\QtitanDataGrid\base</Filter>
    </ClCompile>
    <ClCompile Include="ext\QtitanDataGrid\src\base\QtnCustomLayout.cpp">
      <Filter>external\QtitanDataGrid\base</Filter>
    </ClCompile>
    <ClCompile Include="ext\QtitanDataGrid\src\base\QtnMaterialWidget.cpp">
      <Filter>external\QtitanDataGrid\base</Filter>
    </ClCompile>
    <ClCompile Include="ext\QtitanDataGrid\src\base\QtnPlatform.cpp">
      <Filter>external\QtitanDataGrid\base</Filter>
    </ClCompile>
    <ClCompile Include="ext\QtitanDataGrid\src\base\QtnPlatform_win.cpp">
      <Filter>external\QtitanDataGrid\base</Filter>
    </ClCompile>
    <ClCompile Include="ext\QtitanDataGrid\src\base\QtnScrollWidgetBar.cpp">
      <Filter>external\QtitanDataGrid\base</Filter>
    </ClCompile>
    <ClCompile Include="ext\QtitanDataGrid\src\base\QtnSegoeMDL2Assets.cpp">
      <Filter>external\QtitanDataGrid\base</Filter>
    </ClCompile>
    <ClCompile Include="ext\QtitanDataGrid\src\base\QtnStyleHelper.cpp">
      <Filter>external\QtitanDataGrid\base</Filter>
    </ClCompile>
    <ClCompile Include="ext\QtitanDataGrid\src\base\QtnStyleOption.cpp">
      <Filter>external\QtitanDataGrid\base</Filter>
    </ClCompile>
    <ClCompile Include="ext\QtitanDataGrid\src\base\QtnToolTip.cpp">
      <Filter>external\QtitanDataGrid\base</Filter>
    </ClCompile>
    <ClCompile Include="ext\QtitanDataGrid\src\base\QtnWindowTitleBar.cpp">
      <Filter>external\QtitanDataGrid\base</Filter>
    </ClCompile>
    <ClCompile Include="ext\QtitanDataGrid\src\base\QtnWindowTitleBar_win.cpp">
      <Filter>external\QtitanDataGrid\base</Filter>
    </ClCompile>
    <ClCompile Include="ext\QtitanDataGrid\src\base\QtnWindowTitleBarGlow_win.cpp">
      <Filter>external\QtitanDataGrid\base</Filter>
    </ClCompile>
    <ClCompile Include="ext\QtitanDataGrid\src\grid\QtnDBGrid.cpp">
      <Filter>external\QtitanDataGrid\grid</Filter>
    </ClCompile>
    <ClCompile Include="ext\QtitanDataGrid\src\grid\QtnDBGridBandedTableView.cpp">
      <Filter>external\QtitanDataGrid\grid</Filter>
    </ClCompile>
    <ClCompile Include="ext\QtitanDataGrid\src\grid\QtnDBGridTableView.cpp">
      <Filter>external\QtitanDataGrid\grid</Filter>
    </ClCompile>
    <ClCompile Include="ext\QtitanDataGrid\src\grid\QtnGrid.cpp">
      <Filter>external\QtitanDataGrid\grid</Filter>
    </ClCompile>
    <ClCompile Include="ext\QtitanDataGrid\src\grid\QtnGridBandedTableView.cpp">
      <Filter>external\QtitanDataGrid\grid</Filter>
    </ClCompile>
    <ClCompile Include="ext\QtitanDataGrid\src\grid\QtnGridCardView.cpp">
      <Filter>external\QtitanDataGrid\grid</Filter>
    </ClCompile>
    <ClCompile Include="ext\QtitanDataGrid\src\grid\QtnGridCardViewPrivate.cpp">
      <Filter>external\QtitanDataGrid\grid</Filter>
    </ClCompile>
    <ClCompile Include="ext\QtitanDataGrid\src\grid\QtnGridColumnHeaderLayout.cpp">
      <Filter>external\QtitanDataGrid\grid</Filter>
    </ClCompile>
    <ClCompile Include="ext\QtitanDataGrid\src\grid\QtnGridControls.cpp">
      <Filter>external\QtitanDataGrid\grid</Filter>
    </ClCompile>
    <ClCompile Include="ext\QtitanDataGrid\src\grid\QtnGridDef.cpp">
      <Filter>external\QtitanDataGrid\grid</Filter>
    </ClCompile>
    <ClCompile Include="ext\QtitanDataGrid\src\grid\QtnGridEditors.cpp">
      <Filter>external\QtitanDataGrid\grid</Filter>
    </ClCompile>
    <ClCompile Include="ext\QtitanDataGrid\src\grid\QtnGridFilter.cpp">
      <Filter>external\QtitanDataGrid\grid</Filter>
    </ClCompile>
    <ClCompile Include="ext\QtitanDataGrid\src\grid\QtnGridFilterWindow.cpp">
      <Filter>external\QtitanDataGrid\grid</Filter>
    </ClCompile>
    <ClCompile Include="ext\QtitanDataGrid\src\grid\QtnGridGraphics.cpp">
      <Filter>external\QtitanDataGrid\grid</Filter>
    </ClCompile>
    <ClCompile Include="ext\QtitanDataGrid\src\grid\QtnGridModelController.cpp">
      <Filter>external\QtitanDataGrid\grid</Filter>
    </ClCompile>
    <ClCompile Include="ext\QtitanDataGrid\src\grid\QtnGridStyleSheet.cpp">
      <Filter>external\QtitanDataGrid\grid</Filter>
    </ClCompile>
    <ClCompile Include="ext\QtitanDataGrid\src\grid\QtnGridTableView.cpp">
      <Filter>external\QtitanDataGrid\grid</Filter>
    </ClCompile>
    <ClCompile Include="ext\QtitanDataGrid\src\grid\QtnGridTableViewPrivate.cpp">
      <Filter>external\QtitanDataGrid\grid</Filter>
    </ClCompile>
    <ClCompile Include="ext\QtitanDataGrid\src\grid\QtnGridViewGraphics.cpp">
      <Filter>external\QtitanDataGrid\grid</Filter>
    </ClCompile>
    <ClCompile Include="cmn\cmnString.cpp">
      <Filter>internal</Filter>
    </ClCompile>
    <ClCompile Include="mdlActivity.cpp">
      <Filter>Source Files</Filter>
    </ClCompile>
    <ClCompile Include="UIs\dlgProcessLifecyclePolicy.cpp">
      <Filter>UIs</Filter>
    </ClCompile>
  </ItemGroup>
  <ItemGroup>
    <ClInclude Include="ext\QtitanDataGrid\src\base\QtitanDef.h">
      <Filter>external\QtitanDataGrid\base</Filter>
    </ClInclude>
    <ClInclude Include="ext\QtitanDataGrid\src\base\QtitanMSVSDebug.h">
      <Filter>external\QtitanDataGrid\base</Filter>
    </ClInclude>
    <ClInclude Include="ext\QtitanDataGrid\src\base\QtnPlatform.h">
      <Filter>external\QtitanDataGrid\base</Filter>
    </ClInclude>
    <ClInclude Include="ext\QtitanDataGrid\src\base\QtnPlatform_win.h">
      <Filter>external\QtitanDataGrid\base</Filter>
    </ClInclude>
    <ClInclude Include="ext\QtitanDataGrid\src\base\QtnSegoeMDL2Assets.h">
      <Filter>external\QtitanDataGrid\base</Filter>
    </ClInclude>
    <ClInclude Include="ext\QtitanDataGrid\src\base\QtnStyleHelperPrivate.h">
      <Filter>external\QtitanDataGrid\base</Filter>
    </ClInclude>
    <ClInclude Include="ext\QtitanDataGrid\src\base\QtnStyleOption.h">
      <Filter>external\QtitanDataGrid\base</Filter>
    </ClInclude>
    <ClInclude Include="ext\QtitanDataGrid\src\base\QtnWindowTitleBar_win.h">
      <Filter>external\QtitanDataGrid\base</Filter>
    </ClInclude>
    <ClInclude Include="ext\QtitanDataGrid\src\base\QtnWindowTitleBarGlow_win.h">
      <Filter>external\QtitanDataGrid\base</Filter>
    </ClInclude>
    <ClInclude Include="ext\QtitanDataGrid\src\grid\QtnGridColumnHeaderLayout.h">
      <Filter>external\QtitanDataGrid\grid</Filter>
    </ClInclude>
    <ClInclude Include="ext\QtitanDataGrid\src\grid\QtnGridDef.h">
      <Filter>external\QtitanDataGrid\grid</Filter>
    </ClInclude>
    <ClInclude Include="ext\QtitanDataGrid\src\grid\QtnGridModelControllerPrivate.h">
      <Filter>external\QtitanDataGrid\grid</Filter>
    </ClInclude>
    <ClInclude Include="ext\QtitanDataGrid\src\grid\QtnGridStyleSheet.h">
      <Filter>external\QtitanDataGrid\grid</Filter>
    </ClInclude>
    <ClInclude Include="..\cmn\WinIOMonitor_API.hpp">
      <Filter>common files</Filter>
    </ClInclude>
    <ClInclude Include="..\cmn\WinIOMonitor_Event.hpp">
      <Filter>common files</Filter>
    </ClInclude>
    <ClInclude Include="..\cmn\WinIOMonitor_IOCTL.hpp">
      <Filter>common files</Filter>
    </ClInclude>
    <ClInclude Include="..\cmn\WinIOMonitor_Names.hpp">
      <Filter>common files</Filter>
    </ClInclude>
    <ClInclude Include="cmn\cmnBase.hpp">
      <Filter>internal</Filter>
    </ClInclude>
    <ClInclude Include="cmn\cmnCompilerDetection.hpp">
      <Filter>internal</Filter>
    </ClInclude>
    <ClInclude Include="cmn\cmnLibMgr.hpp">
      <Filter>internal</Filter>
    </ClInclude>
    <ClInclude Include="cmn\cmnString.hpp">
      <Filter>internal</Filter>
    </ClInclude>
    <ClInclude Include="cmn\cmnSystemDetection.hpp">
      <Filter>internal</Filter>
    </ClInclude>
    <ClInclude Include="cmn\cmnTypes.hpp">
      <Filter>internal</Filter>
    </ClInclude>
    <ClInclude Include="cmnConfig.hpp">
      <Filter>Header Files</Filter>
    </ClInclude>
    <ClInclude Include="cmn\cmnStateMgr.hpp">
      <Filter>internal</Filter>
    </ClInclude>
  </ItemGroup>
  <ItemGroup>
    <QtMoc Include="ext\QtitanDataGrid\src\base\QtnBackstageWidget.h">
      <Filter>external\QtitanDataGrid\base</Filter>
    </QtMoc>
    <QtMoc Include="ext\QtitanDataGrid\src\base\QtnColorButton.h">
      <Filter>external\QtitanDataGrid\base</Filter>
    </QtMoc>
    <QtMoc Include="ext\QtitanDataGrid\src\base\QtnCommonStyle.h">
      <Filter>external\QtitanDataGrid\base</Filter>
    </QtMoc>
    <QtMoc Include="ext\QtitanDataGrid\src\base\QtnCommonStylePrivate.h">
      <Filter>external\QtitanDataGrid\base</Filter>
    </QtMoc>
    <QtMoc Include="ext\QtitanDataGrid\src\base\QtnCustomLayout.h">
      <Filter>external\QtitanDataGrid\base</Filter>
    </QtMoc>
    <QtMoc Include="ext\QtitanDataGrid\src\base\QtnMaterialWidget.h">
      <Filter>external\QtitanDataGrid\base</Filter>
    </QtMoc>
    <QtMoc Include="ext\QtitanDataGrid\src\base\QtnScrollWidgetBar.h">
      <Filter>external\QtitanDataGrid\base</Filter>
    </QtMoc>
    <QtMoc Include="ext\QtitanDataGrid\src\base\QtnToolTip.h">
      <Filter>external\QtitanDataGrid\base</Filter>
    </QtMoc>
    <QtMoc Include="ext\QtitanDataGrid\src\base\QtnWindowTitleBar.h">
      <Filter>external\QtitanDataGrid\base</Filter>
    </QtMoc>
    <QtMoc Include="ext\QtitanDataGrid\src\base\QtnWindowTitleBarPrivate.h">
      <Filter>external\QtitanDataGrid\base</Filter>
    </QtMoc>
    <QtMoc Include="ext\QtitanDataGrid\src\grid\QtnDBGrid.h">
      <Filter>external\QtitanDataGrid\grid</Filter>
    </QtMoc>
    <QtMoc Include="ext\QtitanDataGrid\src\grid\QtnDBGridBandedTableView.h">
      <Filter>external\QtitanDataGrid\grid</Filter>
    </QtMoc>
    <QtMoc Include="ext\QtitanDataGrid\src\grid\QtnDBGridTableView.h">
      <Filter>external\QtitanDataGrid\grid</Filter>
    </QtMoc>
    <QtMoc Include="ext\QtitanDataGrid\src\grid\QtnGrid.h">
      <Filter>external\QtitanDataGrid\grid</Filter>
    </QtMoc>
    <QtMoc Include="ext\QtitanDataGrid\src\grid\QtnGridBandedTableView.h">
      <Filter>external\QtitanDataGrid\grid</Filter>
    </QtMoc>
    <QtMoc Include="ext\QtitanDataGrid\src\grid\QtnGridCardView.h">
      <Filter>external\QtitanDataGrid\grid</Filter>
    </QtMoc>
    <QtMoc Include="ext\QtitanDataGrid\src\grid\QtnGridCardViewPrivate.h">
      <Filter>external\QtitanDataGrid\grid</Filter>
    </QtMoc>
    <QtMoc Include="ext\QtitanDataGrid\src\grid\QtnGridControls.h">
      <Filter>external\QtitanDataGrid\grid</Filter>
    </QtMoc>
    <QtMoc Include="ext\QtitanDataGrid\src\grid\QtnGridEditors.h">
      <Filter>external\QtitanDataGrid\grid</Filter>
    </QtMoc>
    <QtMoc Include="ext\QtitanDataGrid\src\grid\QtnGridFilter.h">
      <Filter>external\QtitanDataGrid\grid</Filter>
    </QtMoc>
    <QtMoc Include="ext\QtitanDataGrid\src\grid\QtnGridFilterWindow.h">
      <Filter>external\QtitanDataGrid\grid</Filter>
    </QtMoc>
    <QtMoc Include="ext\QtitanDataGrid\src\grid\QtnGridGraphics.h">
      <Filter>external\QtitanDataGrid\grid</Filter>
    </QtMoc>
    <QtMoc Include="ext\QtitanDataGrid\src\grid\QtnGridModelController.h">
      <Filter>external\QtitanDataGrid\grid</Filter>
    </QtMoc>
    <QtMoc Include="ext\QtitanDataGrid\src\grid\QtnGridTableView.h">
      <Filter>external\QtitanDataGrid\grid</Filter>
    </QtMoc>
    <QtMoc Include="ext\QtitanDataGrid\src\grid\QtnGridTableViewPrivate.h">
      <Filter>external\QtitanDataGrid\grid</Filter>
    </QtMoc>
    <QtMoc Include="ext\QtitanDataGrid\src\grid\QtnGridViewGraphics.h">
      <Filter>external\QtitanDataGrid\grid</Filter>
    </QtMoc>
    <QtMoc Include="mdlActivity.hpp">
      <Filter>Header Files</Filter>
    </QtMoc>
    <QtMoc Include="UIs\dlgProcessLifecyclePolicy.hpp">
      <Filter>UIs</Filter>
    </QtMoc>
  </ItemGroup>
  <ItemGroup>
    <QtUic Include="UIs\dlgProcessFSPolicy.ui">
      <Filter>Resource Files</Filter>
    </QtUic>
    <QtUic Include="UIs\dlgProcessLifecyclePolicy.ui">
      <Filter>Resource Files</Filter>
    </QtUic>
  </ItemGroup>
</Project>