<?xml version="1.0" encoding="utf-8"?>
<Project ToolsVersion="4.0" xmlns="http://schemas.microsoft.com/developer/msbuild/2003">
  <ItemGroup>
    <Filter Include="Source Files">
      <UniqueIdentifier>{4FC737F1-C7A5-4376-A066-2A32D752A2FF}</UniqueIdentifier>
      <Extensions>cpp;c;cc;cxx;def;odl;idl;hpj;bat;asm;asmx</Extensions>
    </Filter>
    <Filter Include="Header Files">
      <UniqueIdentifier>{93995380-89BD-4b04-88EB-625FBE52EBFB}</UniqueIdentifier>
      <Extensions>h;hpp;hxx;hm;inl;inc;xsd</Extensions>
    </Filter>
    <Filter Include="Resource Files">
      <UniqueIdentifier>{67DA6AB6-F800-4c08-8B7A-83BB121AAD01}</UniqueIdentifier>
      <Extensions>rc;ico;cur;bmp;dlg;rc2;rct;bin;rgs;gif;jpg;jpeg;jpe;resx;tiff;tif;png;wav</Extensions>
    </Filter>
    <Filter Include="common files">
      <UniqueIdentifier>{ca7c2ae6-1ec9-4a07-a655-79919ffc0e32}</UniqueIdentifier>
    </Filter>
    <Filter Include="utilities">
      <UniqueIdentifier>{6dc17a4e-b983-4bbb-9e8b-8b5077836f62}</UniqueIdentifier>
    </Filter>
    <Filter Include="callbacks">
      <UniqueIdentifier>{fd32f6f7-f2bc-4379-b0af-333e6d804b75}</UniqueIdentifier>
    </Filter>
  </ItemGroup>
  <ItemGroup>
    <ClInclude Include="fltBase.hpp">
      <Filter>Header Files</Filter>
    </ClInclude>
    <ClInclude Include="WinIOIsolation.hpp">
      <Filter>Header Files</Filter>
    </ClInclude>
    <ClInclude Include="stdafx.hpp">
      <Filter>Header Files</Filter>
    </ClInclude>
    <ClInclude Include="utilities\osInfoMgr.hpp">
      <Filter>utilities</Filter>
    </ClInclude>
    <ClInclude Include="..\cmn\W32API.hpp">
      <Filter>common files</Filter>
    </ClInclude>
    <ClInclude Include="..\cmn\W32API_Base.hpp">
      <Filter>common files</Filter>
    </ClInclude>
    <ClInclude Include="..\cmn\W32API_FltMgr.hpp">
      <Filter>common files</Filter>
    </ClInclude>
    <ClInclude Include="..\cmn\W32API_NtOsKrnl.hpp">
      <Filter>common files</Filter>
    </ClInclude>
    <ClInclude Include="..\cmn\W32API_LibMgr.hpp">
      <Filter>common files</Filter>
    </ClInclude>
    <ClInclude Include="utilities\contextMgr_Defs.hpp">
      <Filter>utilities</Filter>
    </ClInclude>
    <ClInclude Include="utilities\contextMgr.hpp">
      <Filter>utilities</Filter>
    </ClInclude>
    <ClInclude Include="utilities\bufferMgr_Defs.hpp">
      <Filter>utilities</Filter>
    </ClInclude>
    <ClInclude Include="pool.hpp">
      <Filter>Header Files</Filter>
    </ClInclude>
    <ClInclude Include="utilities\bufferMgr.hpp">
      <Filter>utilities</Filter>
    </ClInclude>
    <ClInclude Include="WinIOIsolation_Filter.hpp">
      <Filter>Header Files</Filter>
    </ClInclude>
    <ClInclude Include="callbacks\callbacks.hpp">
      <Filter>callbacks</Filter>
    </ClInclude>
    <ClInclude Include="deviceMgmt.hpp">
      <Filter>Header Files</Filter>
    </ClInclude>
    <ClInclude Include="deviceCntl.hpp">
      <Filter>Header Files</Filter>
    </ClInclude>
    <ClInclude Include="callbacks\fltInstance.hpp">
      <Filter>callbacks</Filter>
    </ClInclude>
    <ClInclude Include="..\cmn\fltCmnLibs.hpp">
      <Filter>common files</Filter>
    </ClInclude>
    <ClInclude Include="..\cmn\fltCmnLibs_string.hpp">
      <Filter>common files</Filter>
    </ClInclude>
    <ClInclude Include="..\cmn\fltCmnLibs_base.hpp">
      <Filter>common files</Filter>
    </ClInclude>
    <ClInclude Include="..\cmn\fltCmnLibs_path.hpp">
      <Filter>common files</Filter>
    </ClInclude>
    <ClInclude Include="privateFCBMgr.hpp">
      <Filter>Header Files</Filter>
    </ClInclude>
    <ClInclude Include="privateFCBMgr_Defs.hpp">
      <Filter>Header Files</Filter>
    </ClInclude>
    <ClInclude Include="utilities\procNameMgr.hpp">
      <Filter>utilities</Filter>
    </ClInclude>
    <ClInclude Include="callbacks\fltCreateFile.hpp">
      <Filter>callbacks</Filter>
    </ClInclude>
    <ClInclude Include="irpContext.hpp">
      <Filter>Header Files</Filter>
    </ClInclude>
    <ClInclude Include="irpContext_Defs.hpp">
      <Filter>Header Files</Filter>
    </ClInclude>
    <ClInclude Include="callbacks\fltCleanup.hpp">
      <Filter>callbacks</Filter>
    </ClInclude>
    <ClInclude Include="callbacks\fltClose.hpp">
      <Filter>callbacks</Filter>
    </ClInclude>
    <ClInclude Include="callbacks\fltDirectoryControl.hpp">
      <Filter>callbacks</Filter>
    </ClInclude>
    <ClInclude Include="callbacks\fltFlushBuffers.hpp">
      <Filter>callbacks</Filter>
    </ClInclude>
    <ClInclude Include="callbacks\fltQueryInformation.hpp">
      <Filter>callbacks</Filter>
    </ClInclude>
    <ClInclude Include="callbacks\fltRead.hpp">
      <Filter>callbacks</Filter>
    </ClInclude>
    <ClInclude Include="callbacks\fltSetInformation.hpp">
      <Filter>callbacks</Filter>
    </ClInclude>
    <ClInclude Include="callbacks\fltWrite.hpp">
      <Filter>callbacks</Filter>
    </ClInclude>
    <ClInclude Include="callbacks\generateFileName.hpp">
      <Filter>callbacks</Filter>
    </ClInclude>
    <ClInclude Include="callbacks\fltNetworkQueryOpen.hpp">
      <Filter>callbacks</Filter>
    </ClInclude>
    <ClInclude Include="callbacks\cacheManagerCallbacks.hpp">
      <Filter>callbacks</Filter>
    </ClInclude>
    <ClInclude Include="..\cmn\W32API_NTSTATUS.hpp">
      <Filter>common files</Filter>
    </ClInclude>
    <ClInclude Include="callbacks\fltSectionSynchronization.hpp">
      <Filter>callbacks</Filter>
    </ClInclude>
    <ClInclude Include="callbacks\fltQueryVolumeInformation.hpp">
      <Filter>callbacks</Filter>
    </ClInclude>
    <ClInclude Include="callbacks\fltCcFlush.hpp">
      <Filter>callbacks</Filter>
    </ClInclude>
    <ClInclude Include="callbacks\fltFileSystemControl.hpp">
      <Filter>callbacks</Filter>
    </ClInclude>
  </ItemGroup>
  <ItemGroup>
    <ClCompile Include="WinIOIsolation.cpp">
      <Filter>Source Files</Filter>
    </ClCompile>
    <ClCompile Include="utilities\osInfoMgr.cpp">
      <Filter>utilities</Filter>
    </ClCompile>
    <ClCompile Include="utilities\contextMgr.cpp">
      <Filter>utilities</Filter>
    </ClCompile>
    <ClCompile Include="utilities\bufferMgr.cpp">
      <Filter>utilities</Filter>
    </ClCompile>
    <ClCompile Include="..\cmn\W32API.cpp">
      <Filter>common files</Filter>
    </ClCompile>
    <ClCompile Include="WinIOIsolation_Filter.cpp">
      <Filter>Source Files</Filter>
    </ClCompile>
    <ClCompile Include="callbacks\callbacks.cpp">
      <Filter>callbacks</Filter>
    </ClCompile>
    <ClCompile Include="deviceMgmt.cpp">
      <Filter>Source Files</Filter>
    </ClCompile>
    <ClCompile Include="deviceCntl.cpp">
      <Filter>Source Files</Filter>
    </ClCompile>
    <ClCompile Include="callbacks\fltInstance.cpp">
      <Filter>callbacks</Filter>
    </ClCompile>
    <ClCompile Include="..\cmn\fltCmnLibs.cpp">
      <Filter>common files</Filter>
    </ClCompile>
    <ClCompile Include="..\cmn\fltCmnLibs_string.cpp">
      <Filter>common files</Filter>
    </ClCompile>
    <ClCompile Include="..\cmn\fltCmnLibs_base.cpp">
      <Filter>common files</Filter>
    </ClCompile>
    <ClCompile Include="..\cmn\fltCmnLibs_path.cpp">
      <Filter>common files</Filter>
    </ClCompile>
    <ClCompile Include="privateFCBMgr.cpp">
      <Filter>Source Files</Filter>
    </ClCompile>
    <ClCompile Include="utilities\procNameMgr.cpp">
      <Filter>utilities</Filter>
    </ClCompile>
    <ClCompile Include="callbacks\fltCreateFile.cpp">
      <Filter>callbacks</Filter>
    </ClCompile>
    <ClCompile Include="irpContext.cpp">
      <Filter>Source Files</Filter>
    </ClCompile>
    <ClCompile Include="callbacks\fltCleanup.cpp">
      <Filter>callbacks</Filter>
    </ClCompile>
    <ClCompile Include="callbacks\fltClose.cpp">
      <Filter>callbacks</Filter>
    </ClCompile>
    <ClCompile Include="callbacks\fltDirectoryControl.cpp">
      <Filter>callbacks</Filter>
    </ClCompile>
    <ClCompile Include="callbacks\fltFlushBuffers.cpp">
      <Filter>callbacks</Filter>
    </ClCompile>
    <ClCompile Include="callbacks\fltQueryInformation.cpp">
      <Filter>callbacks</Filter>
    </ClCompile>
    <ClCompile Include="callbacks\fltRead.cpp">
      <Filter>callbacks</Filter>
    </ClCompile>
    <ClCompile Include="callbacks\fltSetInformation.cpp">
      <Filter>callbacks</Filter>
    </ClCompile>
    <ClCompile Include="callbacks\fltWrite.cpp">
      <Filter>callbacks</Filter>
    </ClCompile>
    <ClCompile Include="callbacks\generateFileName.cpp">
      <Filter>callbacks</Filter>
    </ClCompile>
    <ClCompile Include="callbacks\fltNetworkQueryOpen.cpp">
      <Filter>callbacks</Filter>
    </ClCompile>
    <ClCompile Include="callbacks\cacheManagerCallbacks.cpp">
      <Filter>callbacks</Filter>
    </ClCompile>
    <ClCompile Include="callbacks\fltSectionSynchronization.cpp">
      <Filter>callbacks</Filter>
    </ClCompile>
    <ClCompile Include="callbacks\fltQueryVolumeInformation.cpp">
      <Filter>callbacks</Filter>
    </ClCompile>
    <ClCompile Include="callbacks\fltCcFlush.cpp">
      <Filter>callbacks</Filter>
    </ClCompile>
    <ClCompile Include="callbacks\fltFileSystemControl.cpp">
      <Filter>callbacks</Filter>
    </ClCompile>
  </ItemGroup>
</Project>